
Microsoft Visual Studio Solution File, Format Version 12.00
# Visual Studio Version 16
VisualStudioVersion = 16.0.35130.168
MinimumVisualStudioVersion = 10.0.40219.1
Project("{FAE04EC0-301F-11D3-BF4B-00C04F79EFBC}") = "MBR", "MBR\MBR.csproj", "{6AD336DC-E664-48B0-9CC9-512D954C8C67}"
EndProject
Global
	GlobalSection(SolutionConfigurationPlatforms) = preSolution
		Debug|Any CPU = Debug|Any CPU
		Release|Any CPU = Release|Any CPU
	EndGlobalSection
	GlobalSection(ProjectConfigurationPlatforms) = postSolution
		{6AD336DC-E664-48B0-9CC9-512D954C8C67}.Debug|Any CPU.ActiveCfg = Debug|Any CPU
		{6AD336DC-E664-48B0-9CC9-512D954C8C67}.Debug|Any CPU.Build.0 = Debug|Any CPU
		{6AD336DC-E664-48B0-9CC9-512D954C8C67}.Release|Any CPU.ActiveCfg = Release|Any CPU
		{6AD336DC-E664-48B0-9CC9-512D954C8C67}.Release|Any CPU.Build.0 = Release|Any CPU
	EndGlobalSection
	GlobalSection(SolutionProperties) = preSolution
		HideSolutionNode = FALSE
	EndGlobalSection
	GlobalSection(ExtensibilityGlobals) = postSolution
		SolutionGuid = {EDBD5447-B786-4B97-AB36-60AC94F5C030}
	EndGlobalSection
EndGlobal
